
Microsoft Visual Studio Solution File, Format Version 12.00
# Visual Studio 15
VisualStudioVersion = 15.0.28307.1000
MinimumVisualStudioVersion = 10.0.40219.1
Project("{FAE04EC0-301F-11D3-BF4B-00C04F79EFBC}") = "LMS", "LMS\LMS.csproj", "{8311EC20-50CF-4C7F-BF66-268E73F2A860}"
EndProject
Global
	GlobalSection(SolutionConfigurationPlatforms) = preSolution
		Debug|Any CPU = Debug|Any CPU
		Release|Any CPU = Release|Any CPU
	EndGlobalSection
	GlobalSection(ProjectConfigurationPlatforms) = postSolution
		{8311EC20-50CF-4C7F-BF66-268E73F2A860}.Debug|Any CPU.ActiveCfg = Debug|Any CPU
		{8311EC20-50CF-4C7F-BF66-268E73F2A860}.Debug|Any CPU.Build.0 = Debug|Any CPU
		{8311EC20-50CF-4C7F-BF66-268E73F2A860}.Release|Any CPU.ActiveCfg = Release|Any CPU
		{8311EC20-50CF-4C7F-BF66-268E73F2A860}.Release|Any CPU.Build.0 = Release|Any CPU
	EndGlobalSection
	GlobalSection(SolutionProperties) = preSolution
		HideSolutionNode = FALSE
	EndGlobalSection
	GlobalSection(ExtensibilityGlobals) = postSolution
		SolutionGuid = {A0500EB0-53AE-499B-8C25-C58FD9FF23E6}
	EndGlobalSection
EndGlobal
